
Microsoft Visual Studio Solution File, Format Version 12.00
# Visual Studio Version 17
VisualStudioVersion = 17.5.002.0
MinimumVisualStudioVersion = 10.0.40219.1
Project("{9A19103F-16F7-4668-BE54-9A1E7A4F7556}") = "SocialMediaApi", "SocialMediaApi\SocialMediaApi.csproj", "{91506EFB-CDF3-41C1-AEB8-19E6654915CF}"
EndProject
Global
	GlobalSection(SolutionConfigurationPlatforms) = preSolution
		Debug|Any CPU = Debug|Any CPU
		Release|Any CPU = Release|Any CPU
	EndGlobalSection
	GlobalSection(ProjectConfigurationPlatforms) = postSolution
		{91506EFB-CDF3-41C1-AEB8-19E6654915CF}.Debug|Any CPU.ActiveCfg = Debug|Any CPU
		{91506EFB-CDF3-41C1-AEB8-19E6654915CF}.Debug|Any CPU.Build.0 = Debug|Any CPU
		{91506EFB-CDF3-41C1-AEB8-19E6654915CF}.Release|Any CPU.ActiveCfg = Release|Any CPU
		{91506EFB-CDF3-41C1-AEB8-19E6654915CF}.Release|Any CPU.Build.0 = Release|Any CPU
	EndGlobalSection
	GlobalSection(SolutionProperties) = preSolution
		HideSolutionNode = FALSE
	EndGlobalSection
	GlobalSection(ExtensibilityGlobals) = postSolution
		SolutionGuid = {8A07BBFB-DD76-4363-95EE-32C345623F67}
	EndGlobalSection
EndGlobal
